// !$*UTF8*$!
{
	archiveVersion = 1;
	classes = {
	};
	objectVersion = 50;
	objects = {

/* Begin PBXBuildFile section */
		7422797E24BDEEF1005CAA97 /* pstool.c in Sources */ = {isa = PBXBuildFile; fileRef = 7422796B24BDEDF3005CAA97 /* pstool.c */; };
		7422797F24BDEEF7005CAA97 /* example01.c in Sources */ = {isa = PBXBuildFile; fileRef = 7422797C24BDEE8B005CAA97 /* example01.c */; };
/* End PBXBuildFile section */

/* Begin PBXCopyFilesBuildPhase section */
		7422795E24BDED9A005CAA97 /* CopyFiles */ = {
			isa = PBXCopyFilesBuildPhase;
			buildActionMask = 2147483647;
			dstPath = /usr/share/man/man1/;
			dstSubfolderSpec = 0;
			files = (
			);
			runOnlyForDeploymentPostprocessing = 1;
		};
/* End PBXCopyFilesBuildPhase section */

/* Begin PBXFileReference section */
		7422796024BDED9A005CAA97 /* example01 */ = {isa = PBXFileReference; explicitFileType = "compiled.mach-o.executable"; includeInIndex = 0; path = example01; sourceTree = BUILT_PRODUCTS_DIR; };
		7422796824BDEDF3005CAA97 /* to-do-list.md */ = {isa = PBXFileReference; lastKnownFileType = net.daringfireball.markdown; name = "to-do-list.md"; path = "../to-do-list.md"; sourceTree = "<group>"; };
		7422796924BDEDF3005CAA97 /* pstool.h */ = {isa = PBXFileReference; lastKnownFileType = sourcecode.c.h; name = pstool.h; path = ../pstool.h; sourceTree = "<group>"; };
		7422796A24BDEDF3005CAA97 /* README.md */ = {isa = PBXFileReference; lastKnownFileType = net.daringfireball.markdown; name = README.md; path = ../README.md; sourceTree = "<group>"; };
		7422796B24BDEDF3005CAA97 /* pstool.c */ = {isa = PBXFileReference; lastKnownFileType = sourcecode.c.c; name = pstool.c; path = ../pstool.c; sourceTree = "<group>"; };
		7422797424BDEE8B005CAA97 /* example03.c */ = {isa = PBXFileReference; lastKnownFileType = sourcecode.c.c; path = example03.c; sourceTree = "<group>"; };
		7422797524BDEE8B005CAA97 /* Makefile */ = {isa = PBXFileReference; lastKnownFileType = sourcecode.make; path = Makefile; sourceTree = "<group>"; };
		7422797624BDEE8B005CAA97 /* example02.pdf */ = {isa = PBXFileReference; lastKnownFileType = image.pdf; path = example02.pdf; sourceTree = "<group>"; };
		7422797724BDEE8B005CAA97 /* example01.pdf */ = {isa = PBXFileReference; lastKnownFileType = image.pdf; path = example01.pdf; sourceTree = "<group>"; };
		7422797924BDEE8B005CAA97 /* example02.c */ = {isa = PBXFileReference; lastKnownFileType = sourcecode.c.c; path = example02.c; sourceTree = "<group>"; };
		7422797B24BDEE8B005CAA97 /* example03.pdf */ = {isa = PBXFileReference; lastKnownFileType = image.pdf; path = example03.pdf; sourceTree = "<group>"; };
		7422797C24BDEE8B005CAA97 /* example01.c */ = {isa = PBXFileReference; lastKnownFileType = sourcecode.c.c; path = example01.c; sourceTree = "<group>"; };
/* End PBXFileReference section */

/* Begin PBXFrameworksBuildPhase section */
		7422795D24BDED9A005CAA97 /* Frameworks */ = {
			isa = PBXFrameworksBuildPhase;
			buildActionMask = 2147483647;
			files = (
			);
			runOnlyForDeploymentPostprocessing = 0;
		};
/* End PBXFrameworksBuildPhase section */

/* Begin PBXGroup section */
		7422795524BDED75005CAA97 = {
			isa = PBXGroup;
			children = (
				7422796B24BDEDF3005CAA97 /* pstool.c */,
				7422796924BDEDF3005CAA97 /* pstool.h */,
				7422796A24BDEDF3005CAA97 /* README.md */,
				7422796824BDEDF3005CAA97 /* to-do-list.md */,
				7422797024BDEE8B005CAA97 /* examples */,
				7422796124BDED9A005CAA97 /* Products */,
			);
			sourceTree = "<group>";
		};
		7422796124BDED9A005CAA97 /* Products */ = {
			isa = PBXGroup;
			children = (
				7422796024BDED9A005CAA97 /* example01 */,
			);
			name = Products;
			sourceTree = "<group>";
		};
		7422797024BDEE8B005CAA97 /* examples */ = {
			isa = PBXGroup;
			children = (
				7422797524BDEE8B005CAA97 /* Makefile */,
				7422797C24BDEE8B005CAA97 /* example01.c */,
				7422797924BDEE8B005CAA97 /* example02.c */,
				7422797424BDEE8B005CAA97 /* example03.c */,
				7422797724BDEE8B005CAA97 /* example01.pdf */,
				7422797624BDEE8B005CAA97 /* example02.pdf */,
				7422797B24BDEE8B005CAA97 /* example03.pdf */,
			);
			name = examples;
			path = ../examples;
			sourceTree = "<group>";
		};
/* End PBXGroup section */

/* Begin PBXNativeTarget section */
		7422795F24BDED9A005CAA97 /* example01 */ = {
			isa = PBXNativeTarget;
			buildConfigurationList = 7422796524BDED9A005CAA97 /* Build configuration list for PBXNativeTarget "example01" */;
			buildPhases = (
				7422795C24BDED9A005CAA97 /* Sources */,
				7422795D24BDED9A005CAA97 /* Frameworks */,
				7422795E24BDED9A005CAA97 /* CopyFiles */,
			);
			buildRules = (
			);
			dependencies = (
			);
			name = example01;
			productName = example01;
			productReference = 7422796024BDED9A005CAA97 /* example01 */;
			productType = "com.apple.product-type.tool";
		};
/* End PBXNativeTarget section */

/* Begin PBXProject section */
		7422795624BDED75005CAA97 /* Project object */ = {
			isa = PBXProject;
			attributes = {
				LastUpgradeCheck = 1150;
				TargetAttributes = {
					7422795F24BDED9A005CAA97 = {
						CreatedOnToolsVersion = 11.5;
					};
				};
			};
			buildConfigurationList = 7422795924BDED75005CAA97 /* Build configuration list for PBXProject "pstools" */;
			compatibilityVersion = "Xcode 9.3";
			developmentRegion = en;
			hasScannedForEncodings = 0;
			knownRegions = (
				en,
				Base,
			);
			mainGroup = 7422795524BDED75005CAA97;
			productRefGroup = 7422796124BDED9A005CAA97 /* Products */;
			projectDirPath = "";
			projectRoot = "";
			targets = (
				7422795F24BDED9A005CAA97 /* example01 */,
			);
		};
/* End PBXProject section */

/* Begin PBXSourcesBuildPhase section */
		7422795C24BDED9A005CAA97 /* Sources */ = {
			isa = PBXSourcesBuildPhase;
			buildActionMask = 2147483647;
			files = (
				7422797E24BDEEF1005CAA97 /* pstool.c in Sources */,
				7422797F24BDEEF7005CAA97 /* example01.c in Sources */,
			);
			runOnlyForDeploymentPostprocessing = 0;
		};
/* End PBXSourcesBuildPhase section */

/* Begin XCBuildConfiguration section */
		7422795A24BDED75005CAA97 /* Debug */ = {
			isa = XCBuildConfiguration;
			buildSettings = {
			};
			name = Debug;
		};
		7422795B24BDED75005CAA97 /* Release */ = {
			isa = XCBuildConfiguration;
			buildSettings = {
			};
			name = Release;
		};
		7422796624BDED9A005CAA97 /* Debug */ = {
			isa = XCBuildConfiguration;
			buildSettings = {
				ALWAYS_SEARCH_USER_PATHS = NO;
				CLANG_ANALYZER_NONNULL = YES;
				CLANG_ANALYZER_NUMBER_OBJECT_CONVERSION = YES_AGGRESSIVE;
				CLANG_CXX_LANGUAGE_STANDARD = "gnu++14";
				CLANG_CXX_LIBRARY = "libc++";
				CLANG_ENABLE_MODULES = YES;
				CLANG_ENABLE_OBJC_ARC = YES;
				CLANG_ENABLE_OBJC_WEAK = YES;
				CLANG_WARN_BLOCK_CAPTURE_AUTORELEASING = YES;
				CLANG_WARN_BOOL_CONVERSION = YES;
				CLANG_WARN_COMMA = YES;
				CLANG_WARN_CONSTANT_CONVERSION = YES;
				CLANG_WARN_DEPRECATED_OBJC_IMPLEMENTATIONS = YES;
				CLANG_WARN_DIRECT_OBJC_ISA_USAGE = YES_ERROR;
				CLANG_WARN_DOCUMENTATION_COMMENTS = YES;
				CLANG_WARN_EMPTY_BODY = YES;
				CLANG_WARN_ENUM_CONVERSION = YES;
				CLANG_WARN_INFINITE_RECURSION = YES;
				CLANG_WARN_INT_CONVERSION = YES;
				CLANG_WARN_NON_LITERAL_NULL_CONVERSION = YES;
				CLANG_WARN_OBJC_IMPLICIT_RETAIN_SELF = YES;
				CLANG_WARN_OBJC_LITERAL_CONVERSION = YES;
				CLANG_WARN_OBJC_ROOT_CLASS = YES_ERROR;
				CLANG_WARN_RANGE_LOOP_ANALYSIS = YES;
				CLANG_WARN_STRICT_PROTOTYPES = YES;
				CLANG_WARN_SUSPICIOUS_MOVE = YES;
				CLANG_WARN_UNGUARDED_AVAILABILITY = YES_AGGRESSIVE;
				CLANG_WARN_UNREACHABLE_CODE = YES;
				CLANG_WARN__DUPLICATE_METHOD_MATCH = YES;
				CODE_SIGN_STYLE = Automatic;
				COPY_PHASE_STRIP = NO;
				DEBUG_INFORMATION_FORMAT = dwarf;
				DEVELOPMENT_TEAM = 34273B43V2;
				ENABLE_HARDENED_RUNTIME = YES;
				ENABLE_STRICT_OBJC_MSGSEND = YES;
				ENABLE_TESTABILITY = YES;
				GCC_C_LANGUAGE_STANDARD = gnu11;
				GCC_DYNAMIC_NO_PIC = NO;
				GCC_NO_COMMON_BLOCKS = YES;
				GCC_OPTIMIZATION_LEVEL = 0;
				GCC_PREPROCESSOR_DEFINITIONS = (
					"DEBUG=1",
					"$(inherited)",
				);
				GCC_WARN_64_TO_32_BIT_CONVERSION = YES;
				GCC_WARN_ABOUT_RETURN_TYPE = YES_ERROR;
				GCC_WARN_UNDECLARED_SELECTOR = YES;
				GCC_WARN_UNINITIALIZED_AUTOS = YES_AGGRESSIVE;
				GCC_WARN_UNUSED_FUNCTION = YES;
				GCC_WARN_UNUSED_VARIABLE = YES;
				MACOSX_DEPLOYMENT_TARGET = 10.15;
				MTL_ENABLE_DEBUG_INFO = INCLUDE_SOURCE;
				MTL_FAST_MATH = YES;
				ONLY_ACTIVE_ARCH = YES;
				PRODUCT_NAME = "$(TARGET_NAME)";
				SDKROOT = macosx;
			};
			name = Debug;
		};
		7422796724BDED9A005CAA97 /* Release */ = {
			isa = XCBuildConfiguration;
			buildSettings = {
				ALWAYS_SEARCH_USER_PATHS = NO;
				CLANG_ANALYZER_NONNULL = YES;
				CLANG_ANALYZER_NUMBER_OBJECT_CONVERSION = YES_AGGRESSIVE;
				CLANG_CXX_LANGUAGE_STANDARD = "gnu++14";
				CLANG_CXX_LIBRARY = "libc++";
				CLANG_ENABLE_MODULES = YES;
				CLANG_ENABLE_OBJC_ARC = YES;
				CLANG_ENABLE_OBJC_WEAK = YES;
				CLANG_WARN_BLOCK_CAPTURE_AUTORELEASING = YES;
				CLANG_WARN_BOOL_CONVERSION = YES;
				CLANG_WARN_COMMA = YES;
				CLANG_WARN_CONSTANT_CONVERSION = YES;
				CLANG_WARN_DEPRECATED_OBJC_IMPLEMENTATIONS = YES;
				CLANG_WARN_DIRECT_OBJC_ISA_USAGE = YES_ERROR;
				CLANG_WARN_DOCUMENTATION_COMMENTS = YES;
				CLANG_WARN_EMPTY_BODY = YES;
				CLANG_WARN_ENUM_CONVERSION = YES;
				CLANG_WARN_INFINITE_RECURSION = YES;
				CLANG_WARN_INT_CONVERSION = YES;
				CLANG_WARN_NON_LITERAL_NULL_CONVERSION = YES;
				CLANG_WARN_OBJC_IMPLICIT_RETAIN_SELF = YES;
				CLANG_WARN_OBJC_LITERAL_CONVERSION = YES;
				CLANG_WARN_OBJC_ROOT_CLASS = YES_ERROR;
				CLANG_WARN_RANGE_LOOP_ANALYSIS = YES;
				CLANG_WARN_STRICT_PROTOTYPES = YES;
				CLANG_WARN_SUSPICIOUS_MOVE = YES;
				CLANG_WARN_UNGUARDED_AVAILABILITY = YES_AGGRESSIVE;
				CLANG_WARN_UNREACHABLE_CODE = YES;
				CLANG_WARN__DUPLICATE_METHOD_MATCH = YES;
				CODE_SIGN_STYLE = Automatic;
				COPY_PHASE_STRIP = NO;
				DEBUG_INFORMATION_FORMAT = "dwarf-with-dsym";
				DEVELOPMENT_TEAM = 34273B43V2;
				ENABLE_HARDENED_RUNTIME = YES;
				ENABLE_NS_ASSERTIONS = NO;
				ENABLE_STRICT_OBJC_MSGSEND = YES;
				GCC_C_LANGUAGE_STANDARD = gnu11;
				GCC_NO_COMMON_BLOCKS = YES;
				GCC_WARN_64_TO_32_BIT_CONVERSION = YES;
				GCC_WARN_ABOUT_RETURN_TYPE = YES_ERROR;
				GCC_WARN_UNDECLARED_SELECTOR = YES;
				GCC_WARN_UNINITIALIZED_AUTOS = YES_AGGRESSIVE;
				GCC_WARN_UNUSED_FUNCTION = YES;
				GCC_WARN_UNUSED_VARIABLE = YES;
				MACOSX_DEPLOYMENT_TARGET = 10.15;
				MTL_ENABLE_DEBUG_INFO = NO;
				MTL_FAST_MATH = YES;
				PRODUCT_NAME = "$(TARGET_NAME)";
				SDKROOT = macosx;
			};
			name = Release;
		};
/* End XCBuildConfiguration section */

/* Begin XCConfigurationList section */
		7422795924BDED75005CAA97 /* Build configuration list for PBXProject "pstools" */ = {
			isa = XCConfigurationList;
			buildConfigurations = (
				7422795A24BDED75005CAA97 /* Debug */,
				7422795B24BDED75005CAA97 /* Release */,
			);
			defaultConfigurationIsVisible = 0;
			defaultConfigurationName = Release;
		};
		7422796524BDED9A005CAA97 /* Build configuration list for PBXNativeTarget "example01" */ = {
			isa = XCConfigurationList;
			buildConfigurations = (
				7422796624BDED9A005CAA97 /* Debug */,
				7422796724BDED9A005CAA97 /* Release */,
			);
			defaultConfigurationIsVisible = 0;
			defaultConfigurationName = Release;
		};
/* End XCConfigurationList section */
	};
	rootObject = 7422795624BDED75005CAA97 /* Project object */;
}
